
Microsoft Visual Studio Solution File, Format Version 12.00
# Visual Studio Version 17
VisualStudioVersion = 17.10.34928.147
MinimumVisualStudioVersion = 10.0.40219.1
Project("{FAE04EC0-301F-11D3-BF4B-00C04F79EFBC}") = "susalem.vue", "susalem.vue\susalem.vue.csproj", "{6F07233F-9A6F-4381-9A6D-D72EE6FE84FB}"
EndProject
Global
	GlobalSection(SolutionConfigurationPlatforms) = preSolution
		Debug|Any CPU = Debug|Any CPU
		Release|Any CPU = Release|Any CPU
	EndGlobalSection
	GlobalSection(ProjectConfigurationPlatforms) = postSolution
		{6F07233F-9A6F-4381-9A6D-D72EE6FE84FB}.Debug|Any CPU.ActiveCfg = Debug|Any CPU
		{6F07233F-9A6F-4381-9A6D-D72EE6FE84FB}.Debug|Any CPU.Build.0 = Debug|Any CPU
		{6F07233F-9A6F-4381-9A6D-D72EE6FE84FB}.Release|Any CPU.ActiveCfg = Release|Any CPU
		{6F07233F-9A6F-4381-9A6D-D72EE6FE84FB}.Release|Any CPU.Build.0 = Release|Any CPU
	EndGlobalSection
	GlobalSection(SolutionProperties) = preSolution
		HideSolutionNode = FALSE
	EndGlobalSection
	GlobalSection(ExtensibilityGlobals) = postSolution
		SolutionGuid = {D28D8DA5-A081-42D3-BF02-755F6B310FDC}
	EndGlobalSection
EndGlobal
