
Microsoft Visual Studio Solution File, Format Version 12.00
# Visual Studio Version 17
VisualStudioVersion = 17.8.34511.84
MinimumVisualStudioVersion = 10.0.40219.1
Project("{9A19103F-16F7-4668-BE54-9A1E7A4F7556}") = "testdemo", "testdemo.csproj", "{9C3D48B5-91C8-49FA-B9CE-17F0EC55A954}"
EndProject
Project("{9A19103F-16F7-4668-BE54-9A1E7A4F7556}") = "testdemo.Browser", "..\testdemo.Browser\testdemo.Browser.csproj", "{CC9A728C-32F9-4A86-AD39-4C960D689CAD}"
EndProject
Project("{9A19103F-16F7-4668-BE54-9A1E7A4F7556}") = "testdemo.Desktop", "..\testdemo.Desktop\testdemo.Desktop.csproj", "{2C679AE2-2024-4F9F-92CE-0E85859BADA2}"
EndProject
Global
	GlobalSection(SolutionConfigurationPlatforms) = preSolution
		Debug|Any CPU = Debug|Any CPU
		Release|Any CPU = Release|Any CPU
	EndGlobalSection
	GlobalSection(ProjectConfigurationPlatforms) = postSolution
		{9C3D48B5-91C8-49FA-B9CE-17F0EC55A954}.Debug|Any CPU.ActiveCfg = Debug|Any CPU
		{9C3D48B5-91C8-49FA-B9CE-17F0EC55A954}.Debug|Any CPU.Build.0 = Debug|Any CPU
		{9C3D48B5-91C8-49FA-B9CE-17F0EC55A954}.Release|Any CPU.ActiveCfg = Release|Any CPU
		{9C3D48B5-91C8-49FA-B9CE-17F0EC55A954}.Release|Any CPU.Build.0 = Release|Any CPU
		{CC9A728C-32F9-4A86-AD39-4C960D689CAD}.Debug|Any CPU.ActiveCfg = Debug|Any CPU
		{CC9A728C-32F9-4A86-AD39-4C960D689CAD}.Debug|Any CPU.Build.0 = Debug|Any CPU
		{CC9A728C-32F9-4A86-AD39-4C960D689CAD}.Release|Any CPU.ActiveCfg = Release|Any CPU
		{CC9A728C-32F9-4A86-AD39-4C960D689CAD}.Release|Any CPU.Build.0 = Release|Any CPU
		{2C679AE2-2024-4F9F-92CE-0E85859BADA2}.Debug|Any CPU.ActiveCfg = Debug|Any CPU
		{2C679AE2-2024-4F9F-92CE-0E85859BADA2}.Debug|Any CPU.Build.0 = Debug|Any CPU
		{2C679AE2-2024-4F9F-92CE-0E85859BADA2}.Release|Any CPU.ActiveCfg = Release|Any CPU
		{2C679AE2-2024-4F9F-92CE-0E85859BADA2}.Release|Any CPU.Build.0 = Release|Any CPU
	EndGlobalSection
	GlobalSection(SolutionProperties) = preSolution
		HideSolutionNode = FALSE
	EndGlobalSection
	GlobalSection(ExtensibilityGlobals) = postSolution
		SolutionGuid = {8D0EF9FD-3C97-4237-9658-94C02DCADCF9}
	EndGlobalSection
EndGlobal
