
Microsoft Visual Studio Solution File, Format Version 12.00
# Visual Studio Version 17
VisualStudioVersion = 17.10.35122.118
MinimumVisualStudioVersion = 10.0.40219.1
Project("{2150E333-8FDC-42A3-9474-1A3956D46DE8}") = "demo", "demo", "{F39B482F-23D9-4BB9-8CF8-18586991077E}"
EndProject
Project("{9A19103F-16F7-4668-BE54-9A1E7A4F7556}") = "susalem.webapi", "demo\susalem.webapi\susalem.webapi.csproj", "{F3A4FA65-4EB5-4E70-9928-C829A5D597A4}"
EndProject
Project("{2150E333-8FDC-42A3-9474-1A3956D46DE8}") = "services", "services", "{845A3E0A-78D2-4142-BEDF-5BDB65A3F29B}"
EndProject
Project("{2150E333-8FDC-42A3-9474-1A3956D46DE8}") = "shared", "shared", "{D66EC530-4B6F-4FBD-9E21-98BEE00E7C7E}"
EndProject
Project("{9A19103F-16F7-4668-BE54-9A1E7A4F7556}") = "SusalemAbp.Shared.Hosting.AspNetCore", "shared\SusalemAbp.Shared.Hosting.AspNetCore\SusalemAbp.Shared.Hosting.AspNetCore.csproj", "{6734B5F9-75A3-4E2D-B6A9-52C0F69D9585}"
EndProject
Project("{9A19103F-16F7-4668-BE54-9A1E7A4F7556}") = "SusalemAbp.Shared.Hosting.Microservices", "shared\SusalemAbp.Shared.Hosting.Microservices\SusalemAbp.Shared.Hosting.Microservices.csproj", "{53400DF2-2A6C-4878-8FD8-82BDCC9AF776}"
EndProject
Project("{9A19103F-16F7-4668-BE54-9A1E7A4F7556}") = "SusalemAbp.Shared.Localization", "shared\SusalemAbp.Shared.Localization\SusalemAbp.Shared.Localization.csproj", "{38397449-EA01-49BE-A4E8-7C0242556158}"
EndProject
Project("{9A19103F-16F7-4668-BE54-9A1E7A4F7556}") = "SusalemAbp.Shared.Hosting", "shared\SusalemAbp.Shared.Hosting\SusalemAbp.Shared.Hosting.csproj", "{63055365-1526-484B-84F6-0C2668E9CF99}"
EndProject
Project("{2150E333-8FDC-42A3-9474-1A3956D46DE8}") = "susalem", "susalem", "{4B97A8DB-4F45-4119-98EA-14EE5884A7EB}"
EndProject
Project("{9A19103F-16F7-4668-BE54-9A1E7A4F7556}") = "Susalem.Application", "services\src\Susalem.Application\Susalem.Application.csproj", "{E7F7BBE9-2B91-4DEA-BE3A-A46C392794A8}"
EndProject
Project("{9A19103F-16F7-4668-BE54-9A1E7A4F7556}") = "Susalem.Application.Contracts", "services\src\Susalem.Application.Contracts\Susalem.Application.Contracts.csproj", "{1209D020-9889-4874-9BF3-DB1A429B4DF3}"
EndProject
Project("{9A19103F-16F7-4668-BE54-9A1E7A4F7556}") = "Susalem.Domain", "services\src\Susalem.Domain\Susalem.Domain.csproj", "{5C45FE4F-4616-401D-9150-DB3A24F7DEE8}"
EndProject
Project("{9A19103F-16F7-4668-BE54-9A1E7A4F7556}") = "Susalem.Domain.Shared", "services\src\Susalem.Domain.Shared\Susalem.Domain.Shared.csproj", "{850FAD93-6D10-41C0-A7E6-9747B16A7EAC}"
EndProject
Project("{9A19103F-16F7-4668-BE54-9A1E7A4F7556}") = "Susalem.EntityFrameworkCore", "services\src\Susalem.EntityFrameworkCore\Susalem.EntityFrameworkCore.csproj", "{C63E9BA2-287D-413F-B2E4-755D6169D1F5}"
EndProject
Project("{9A19103F-16F7-4668-BE54-9A1E7A4F7556}") = "Susalem.HttpApi", "services\src\Susalem.HttpApi\Susalem.HttpApi.csproj", "{6EA0C07B-7F2A-4107-93CF-499A96FD580B}"
EndProject
Project("{9A19103F-16F7-4668-BE54-9A1E7A4F7556}") = "Susalem.HttpApi.Client", "services\src\Susalem.HttpApi.Client\Susalem.HttpApi.Client.csproj", "{B066630B-FC7A-46AC-8ADD-64D37BC6D7B1}"
EndProject
Project("{9A19103F-16F7-4668-BE54-9A1E7A4F7556}") = "Susalem.HttpApi.Host", "services\src\Susalem.HttpApi.Host\Susalem.HttpApi.Host.csproj", "{B07B89C0-C71C-425E-90B7-78899ED743B1}"
EndProject
Project("{2150E333-8FDC-42A3-9474-1A3956D46DE8}") = "modules", "modules", "{C075DBF7-8B7B-44F0-AD15-7E9722CEFB69}"
EndProject
Project("{2150E333-8FDC-42A3-9474-1A3956D46DE8}") = "solution Items", "solution Items", "{07AC71D8-56AA-46E6-A5AA-C5290CF3CDBE}"
	ProjectSection(SolutionItems) = preProject
		Directory.Build.props = Directory.Build.props
	EndProjectSection
EndProject
Project("{9A19103F-16F7-4668-BE54-9A1E7A4F7556}") = "Susalem.DbMigrator", "services\src\Susalem.DbMigrator\Susalem.DbMigrator.csproj", "{52F5EFF9-D352-40DE-AE4A-03242F51B2E6}"
EndProject
Global
	GlobalSection(SolutionConfigurationPlatforms) = preSolution
		Debug|Any CPU = Debug|Any CPU
		Release|Any CPU = Release|Any CPU
	EndGlobalSection
	GlobalSection(ProjectConfigurationPlatforms) = postSolution
		{F3A4FA65-4EB5-4E70-9928-C829A5D597A4}.Debug|Any CPU.ActiveCfg = Debug|Any CPU
		{F3A4FA65-4EB5-4E70-9928-C829A5D597A4}.Debug|Any CPU.Build.0 = Debug|Any CPU
		{F3A4FA65-4EB5-4E70-9928-C829A5D597A4}.Release|Any CPU.ActiveCfg = Release|Any CPU
		{F3A4FA65-4EB5-4E70-9928-C829A5D597A4}.Release|Any CPU.Build.0 = Release|Any CPU
		{6734B5F9-75A3-4E2D-B6A9-52C0F69D9585}.Debug|Any CPU.ActiveCfg = Debug|Any CPU
		{6734B5F9-75A3-4E2D-B6A9-52C0F69D9585}.Debug|Any CPU.Build.0 = Debug|Any CPU
		{6734B5F9-75A3-4E2D-B6A9-52C0F69D9585}.Release|Any CPU.ActiveCfg = Release|Any CPU
		{6734B5F9-75A3-4E2D-B6A9-52C0F69D9585}.Release|Any CPU.Build.0 = Release|Any CPU
		{53400DF2-2A6C-4878-8FD8-82BDCC9AF776}.Debug|Any CPU.ActiveCfg = Debug|Any CPU
		{53400DF2-2A6C-4878-8FD8-82BDCC9AF776}.Debug|Any CPU.Build.0 = Debug|Any CPU
		{53400DF2-2A6C-4878-8FD8-82BDCC9AF776}.Release|Any CPU.ActiveCfg = Release|Any CPU
		{53400DF2-2A6C-4878-8FD8-82BDCC9AF776}.Release|Any CPU.Build.0 = Release|Any CPU
		{38397449-EA01-49BE-A4E8-7C0242556158}.Debug|Any CPU.ActiveCfg = Debug|Any CPU
		{38397449-EA01-49BE-A4E8-7C0242556158}.Debug|Any CPU.Build.0 = Debug|Any CPU
		{38397449-EA01-49BE-A4E8-7C0242556158}.Release|Any CPU.ActiveCfg = Release|Any CPU
		{38397449-EA01-49BE-A4E8-7C0242556158}.Release|Any CPU.Build.0 = Release|Any CPU
		{63055365-1526-484B-84F6-0C2668E9CF99}.Debug|Any CPU.ActiveCfg = Debug|Any CPU
		{63055365-1526-484B-84F6-0C2668E9CF99}.Debug|Any CPU.Build.0 = Debug|Any CPU
		{63055365-1526-484B-84F6-0C2668E9CF99}.Release|Any CPU.ActiveCfg = Release|Any CPU
		{63055365-1526-484B-84F6-0C2668E9CF99}.Release|Any CPU.Build.0 = Release|Any CPU
		{E7F7BBE9-2B91-4DEA-BE3A-A46C392794A8}.Debug|Any CPU.ActiveCfg = Debug|Any CPU
		{E7F7BBE9-2B91-4DEA-BE3A-A46C392794A8}.Debug|Any CPU.Build.0 = Debug|Any CPU
		{E7F7BBE9-2B91-4DEA-BE3A-A46C392794A8}.Release|Any CPU.ActiveCfg = Release|Any CPU
		{E7F7BBE9-2B91-4DEA-BE3A-A46C392794A8}.Release|Any CPU.Build.0 = Release|Any CPU
		{1209D020-9889-4874-9BF3-DB1A429B4DF3}.Debug|Any CPU.ActiveCfg = Debug|Any CPU
		{1209D020-9889-4874-9BF3-DB1A429B4DF3}.Debug|Any CPU.Build.0 = Debug|Any CPU
		{1209D020-9889-4874-9BF3-DB1A429B4DF3}.Release|Any CPU.ActiveCfg = Release|Any CPU
		{1209D020-9889-4874-9BF3-DB1A429B4DF3}.Release|Any CPU.Build.0 = Release|Any CPU
		{5C45FE4F-4616-401D-9150-DB3A24F7DEE8}.Debug|Any CPU.ActiveCfg = Debug|Any CPU
		{5C45FE4F-4616-401D-9150-DB3A24F7DEE8}.Debug|Any CPU.Build.0 = Debug|Any CPU
		{5C45FE4F-4616-401D-9150-DB3A24F7DEE8}.Release|Any CPU.ActiveCfg = Release|Any CPU
		{5C45FE4F-4616-401D-9150-DB3A24F7DEE8}.Release|Any CPU.Build.0 = Release|Any CPU
		{850FAD93-6D10-41C0-A7E6-9747B16A7EAC}.Debug|Any CPU.ActiveCfg = Debug|Any CPU
		{850FAD93-6D10-41C0-A7E6-9747B16A7EAC}.Debug|Any CPU.Build.0 = Debug|Any CPU
		{850FAD93-6D10-41C0-A7E6-9747B16A7EAC}.Release|Any CPU.ActiveCfg = Release|Any CPU
		{850FAD93-6D10-41C0-A7E6-9747B16A7EAC}.Release|Any CPU.Build.0 = Release|Any CPU
		{C63E9BA2-287D-413F-B2E4-755D6169D1F5}.Debug|Any CPU.ActiveCfg = Debug|Any CPU
		{C63E9BA2-287D-413F-B2E4-755D6169D1F5}.Debug|Any CPU.Build.0 = Debug|Any CPU
		{C63E9BA2-287D-413F-B2E4-755D6169D1F5}.Release|Any CPU.ActiveCfg = Release|Any CPU
		{C63E9BA2-287D-413F-B2E4-755D6169D1F5}.Release|Any CPU.Build.0 = Release|Any CPU
		{6EA0C07B-7F2A-4107-93CF-499A96FD580B}.Debug|Any CPU.ActiveCfg = Debug|Any CPU
		{6EA0C07B-7F2A-4107-93CF-499A96FD580B}.Debug|Any CPU.Build.0 = Debug|Any CPU
		{6EA0C07B-7F2A-4107-93CF-499A96FD580B}.Release|Any CPU.ActiveCfg = Release|Any CPU
		{6EA0C07B-7F2A-4107-93CF-499A96FD580B}.Release|Any CPU.Build.0 = Release|Any CPU
		{B066630B-FC7A-46AC-8ADD-64D37BC6D7B1}.Debug|Any CPU.ActiveCfg = Debug|Any CPU
		{B066630B-FC7A-46AC-8ADD-64D37BC6D7B1}.Debug|Any CPU.Build.0 = Debug|Any CPU
		{B066630B-FC7A-46AC-8ADD-64D37BC6D7B1}.Release|Any CPU.ActiveCfg = Release|Any CPU
		{B066630B-FC7A-46AC-8ADD-64D37BC6D7B1}.Release|Any CPU.Build.0 = Release|Any CPU
		{B07B89C0-C71C-425E-90B7-78899ED743B1}.Debug|Any CPU.ActiveCfg = Debug|Any CPU
		{B07B89C0-C71C-425E-90B7-78899ED743B1}.Debug|Any CPU.Build.0 = Debug|Any CPU
		{B07B89C0-C71C-425E-90B7-78899ED743B1}.Release|Any CPU.ActiveCfg = Release|Any CPU
		{B07B89C0-C71C-425E-90B7-78899ED743B1}.Release|Any CPU.Build.0 = Release|Any CPU
		{52F5EFF9-D352-40DE-AE4A-03242F51B2E6}.Debug|Any CPU.ActiveCfg = Debug|Any CPU
		{52F5EFF9-D352-40DE-AE4A-03242F51B2E6}.Debug|Any CPU.Build.0 = Debug|Any CPU
		{52F5EFF9-D352-40DE-AE4A-03242F51B2E6}.Release|Any CPU.ActiveCfg = Release|Any CPU
		{52F5EFF9-D352-40DE-AE4A-03242F51B2E6}.Release|Any CPU.Build.0 = Release|Any CPU
	EndGlobalSection
	GlobalSection(SolutionProperties) = preSolution
		HideSolutionNode = FALSE
	EndGlobalSection
	GlobalSection(NestedProjects) = preSolution
		{F3A4FA65-4EB5-4E70-9928-C829A5D597A4} = {F39B482F-23D9-4BB9-8CF8-18586991077E}
		{6734B5F9-75A3-4E2D-B6A9-52C0F69D9585} = {D66EC530-4B6F-4FBD-9E21-98BEE00E7C7E}
		{53400DF2-2A6C-4878-8FD8-82BDCC9AF776} = {D66EC530-4B6F-4FBD-9E21-98BEE00E7C7E}
		{38397449-EA01-49BE-A4E8-7C0242556158} = {D66EC530-4B6F-4FBD-9E21-98BEE00E7C7E}
		{63055365-1526-484B-84F6-0C2668E9CF99} = {D66EC530-4B6F-4FBD-9E21-98BEE00E7C7E}
		{4B97A8DB-4F45-4119-98EA-14EE5884A7EB} = {845A3E0A-78D2-4142-BEDF-5BDB65A3F29B}
		{E7F7BBE9-2B91-4DEA-BE3A-A46C392794A8} = {4B97A8DB-4F45-4119-98EA-14EE5884A7EB}
		{1209D020-9889-4874-9BF3-DB1A429B4DF3} = {4B97A8DB-4F45-4119-98EA-14EE5884A7EB}
		{5C45FE4F-4616-401D-9150-DB3A24F7DEE8} = {4B97A8DB-4F45-4119-98EA-14EE5884A7EB}
		{850FAD93-6D10-41C0-A7E6-9747B16A7EAC} = {4B97A8DB-4F45-4119-98EA-14EE5884A7EB}
		{C63E9BA2-287D-413F-B2E4-755D6169D1F5} = {4B97A8DB-4F45-4119-98EA-14EE5884A7EB}
		{6EA0C07B-7F2A-4107-93CF-499A96FD580B} = {4B97A8DB-4F45-4119-98EA-14EE5884A7EB}
		{B066630B-FC7A-46AC-8ADD-64D37BC6D7B1} = {4B97A8DB-4F45-4119-98EA-14EE5884A7EB}
		{B07B89C0-C71C-425E-90B7-78899ED743B1} = {4B97A8DB-4F45-4119-98EA-14EE5884A7EB}
		{52F5EFF9-D352-40DE-AE4A-03242F51B2E6} = {4B97A8DB-4F45-4119-98EA-14EE5884A7EB}
	EndGlobalSection
	GlobalSection(ExtensibilityGlobals) = postSolution
		SolutionGuid = {0CABA8B5-9961-451E-8B73-AB5F4B268131}
	EndGlobalSection
EndGlobal
